// !$*UTF8*$!
{
	archiveVersion = 1;
	classes = {
	};
	objectVersion = 46;
	objects = {

/* Begin PBXBuildFile section */
		4CC19C6B18CF42B9003044F2 /* Foundation.framework in Frameworks */ = {isa = PBXBuildFile; fileRef = 4CC19C6A18CF42B9003044F2 /* Foundation.framework */; };
		4CC19C6D18CF42B9003044F2 /* CoreGraphics.framework in Frameworks */ = {isa = PBXBuildFile; fileRef = 4CC19C6C18CF42B9003044F2 /* CoreGraphics.framework */; };
		4CC19C6F18CF42B9003044F2 /* UIKit.framework in Frameworks */ = {isa = PBXBuildFile; fileRef = 4CC19C6E18CF42B9003044F2 /* UIKit.framework */; };
		4CC19C7518CF42B9003044F2 /* InfoPlist.strings in Resources */ = {isa = PBXBuildFile; fileRef = 4CC19C7318CF42B9003044F2 /* InfoPlist.strings */; };
		4CC19C7718CF42BA003044F2 /* main.m in Sources */ = {isa = PBXBuildFile; fileRef = 4CC19C7618CF42BA003044F2 /* main.m */; };
		4CC19C7B18CF42BA003044F2 /* AppDelegate.m in Sources */ = {isa = PBXBuildFile; fileRef = 4CC19C7A18CF42BA003044F2 /* AppDelegate.m */; };
		4CC19C7D18CF42BB003044F2 /* Images.xcassets in Resources */ = {isa = PBXBuildFile; fileRef = 4CC19C7C18CF42BB003044F2 /* Images.xcassets */; };
		4CC19C8418CF42BB003044F2 /* XCTest.framework in Frameworks */ = {isa = PBXBuildFile; fileRef = 4CC19C8318CF42BB003044F2 /* XCTest.framework */; };
		4CC19C8518CF42BB003044F2 /* Foundation.framework in Frameworks */ = {isa = PBXBuildFile; fileRef = 4CC19C6A18CF42B9003044F2 /* Foundation.framework */; };
		4CC19C8618CF42BB003044F2 /* UIKit.framework in Frameworks */ = {isa = PBXBuildFile; fileRef = 4CC19C6E18CF42B9003044F2 /* UIKit.framework */; };
		4CC19C8E18CF42BB003044F2 /* InfoPlist.strings in Resources */ = {isa = PBXBuildFile; fileRef = 4CC19C8C18CF42BB003044F2 /* InfoPlist.strings */; };
		4CC19C9018CF42BB003044F2 /* cityLandscapesTests.m in Sources */ = {isa = PBXBuildFile; fileRef = 4CC19C8F18CF42BB003044F2 /* cityLandscapesTests.m */; };
		4CC19C9A18CF42DF003044F2 /* Main.storyboard in Resources */ = {isa = PBXBuildFile; fileRef = 4CC19C9918CF42DF003044F2 /* Main.storyboard */; };
		4CC19C9D18CF4444003044F2 /* appPhoto.m in Sources */ = {isa = PBXBuildFile; fileRef = 4CC19C9C18CF4444003044F2 /* appPhoto.m */; };
		4CC19CA018CF4524003044F2 /* PhotoTable.m in Sources */ = {isa = PBXBuildFile; fileRef = 4CC19C9F18CF4524003044F2 /* PhotoTable.m */; };
		4CC19CA318CF4542003044F2 /* SinglePhotoView.m in Sources */ = {isa = PBXBuildFile; fileRef = 4CC19CA218CF4542003044F2 /* SinglePhotoView.m */; };
		4CC19CA618CF4561003044F2 /* DetailsView.m in Sources */ = {isa = PBXBuildFile; fileRef = 4CC19CA518CF4561003044F2 /* DetailsView.m */; };
		4CC19CAA18D05E1F003044F2 /* imagedata.plist in Resources */ = {isa = PBXBuildFile; fileRef = 4CC19CA918D05E1F003044F2 /* imagedata.plist */; };
		4CC19CAF18D06301003044F2 /* AddPostcard.m in Sources */ = {isa = PBXBuildFile; fileRef = 4CC19CAE18D06301003044F2 /* AddPostcard.m */; };
/* End PBXBuildFile section */

/* Begin PBXContainerItemProxy section */
		4CC19C8718CF42BB003044F2 /* PBXContainerItemProxy */ = {
			isa = PBXContainerItemProxy;
			containerPortal = 4CC19C5F18CF42B9003044F2 /* Project object */;
			proxyType = 1;
			remoteGlobalIDString = 4CC19C6618CF42B9003044F2;
			remoteInfo = cityLandscapes;
		};
/* End PBXContainerItemProxy section */

/* Begin PBXFileReference section */
		4CC19C6718CF42B9003044F2 /* cityLandscapes.app */ = {isa = PBXFileReference; explicitFileType = wrapper.application; includeInIndex = 0; path = cityLandscapes.app; sourceTree = BUILT_PRODUCTS_DIR; };
		4CC19C6A18CF42B9003044F2 /* Foundation.framework */ = {isa = PBXFileReference; lastKnownFileType = wrapper.framework; name = Foundation.framework; path = System/Library/Frameworks/Foundation.framework; sourceTree = SDKROOT; };
		4CC19C6C18CF42B9003044F2 /* CoreGraphics.framework */ = {isa = PBXFileReference; lastKnownFileType = wrapper.framework; name = CoreGraphics.framework; path = System/Library/Frameworks/CoreGraphics.framework; sourceTree = SDKROOT; };
		4CC19C6E18CF42B9003044F2 /* UIKit.framework */ = {isa = PBXFileReference; lastKnownFileType = wrapper.framework; name = UIKit.framework; path = System/Library/Frameworks/UIKit.framework; sourceTree = SDKROOT; };
		4CC19C7218CF42B9003044F2 /* cityLandscapes-Info.plist */ = {isa = PBXFileReference; lastKnownFileType = text.plist.xml; path = "cityLandscapes-Info.plist"; sourceTree = "<group>"; };
		4CC19C7418CF42B9003044F2 /* en */ = {isa = PBXFileReference; lastKnownFileType = text.plist.strings; name = en; path = en.lproj/InfoPlist.strings; sourceTree = "<group>"; };
		4CC19C7618CF42BA003044F2 /* main.m */ = {isa = PBXFileReference; lastKnownFileType = sourcecode.c.objc; path = main.m; sourceTree = "<group>"; };
		4CC19C7818CF42BA003044F2 /* cityLandscapes-Prefix.pch */ = {isa = PBXFileReference; lastKnownFileType = sourcecode.c.h; path = "cityLandscapes-Prefix.pch"; sourceTree = "<group>"; };
		4CC19C7918CF42BA003044F2 /* AppDelegate.h */ = {isa = PBXFileReference; lastKnownFileType = sourcecode.c.h; path = AppDelegate.h; sourceTree = "<group>"; };
		4CC19C7A18CF42BA003044F2 /* AppDelegate.m */ = {isa = PBXFileReference; lastKnownFileType = sourcecode.c.objc; path = AppDelegate.m; sourceTree = "<group>"; };
		4CC19C7C18CF42BB003044F2 /* Images.xcassets */ = {isa = PBXFileReference; lastKnownFileType = folder.assetcatalog; path = Images.xcassets; sourceTree = "<group>"; };
		4CC19C8218CF42BB003044F2 /* cityLandscapesTests.xctest */ = {isa = PBXFileReference; explicitFileType = wrapper.cfbundle; includeInIndex = 0; path = cityLandscapesTests.xctest; sourceTree = BUILT_PRODUCTS_DIR; };
		4CC19C8318CF42BB003044F2 /* XCTest.framework */ = {isa = PBXFileReference; lastKnownFileType = wrapper.framework; name = XCTest.framework; path = Library/Frameworks/XCTest.framework; sourceTree = DEVELOPER_DIR; };
		4CC19C8B18CF42BB003044F2 /* cityLandscapesTests-Info.plist */ = {isa = PBXFileReference; lastKnownFileType = text.plist.xml; path = "cityLandscapesTests-Info.plist"; sourceTree = "<group>"; };
		4CC19C8D18CF42BB003044F2 /* en */ = {isa = PBXFileReference; lastKnownFileType = text.plist.strings; name = en; path = en.lproj/InfoPlist.strings; sourceTree = "<group>"; };
		4CC19C8F18CF42BB003044F2 /* cityLandscapesTests.m */ = {isa = PBXFileReference; lastKnownFileType = sourcecode.c.objc; path = cityLandscapesTests.m; sourceTree = "<group>"; };
		4CC19C9918CF42DF003044F2 /* Main.storyboard */ = {isa = PBXFileReference; fileEncoding = 4; lastKnownFileType = file.storyboard; name = Main.storyboard; path = ../Main.storyboard; sourceTree = "<group>"; };
		4CC19C9B18CF4444003044F2 /* appPhoto.h */ = {isa = PBXFileReference; fileEncoding = 4; lastKnownFileType = sourcecode.c.h; path = appPhoto.h; sourceTree = "<group>"; };
		4CC19C9C18CF4444003044F2 /* appPhoto.m */ = {isa = PBXFileReference; fileEncoding = 4; lastKnownFileType = sourcecode.c.objc; path = appPhoto.m; sourceTree = "<group>"; };
		4CC19C9E18CF4524003044F2 /* PhotoTable.h */ = {isa = PBXFileReference; fileEncoding = 4; lastKnownFileType = sourcecode.c.h; path = PhotoTable.h; sourceTree = "<group>"; };
		4CC19C9F18CF4524003044F2 /* PhotoTable.m */ = {isa = PBXFileReference; fileEncoding = 4; lastKnownFileType = sourcecode.c.objc; path = PhotoTable.m; sourceTree = "<group>"; };
		4CC19CA118CF4542003044F2 /* SinglePhotoView.h */ = {isa = PBXFileReference; fileEncoding = 4; lastKnownFileType = sourcecode.c.h; path = SinglePhotoView.h; sourceTree = "<group>"; };
		4CC19CA218CF4542003044F2 /* SinglePhotoView.m */ = {isa = PBXFileReference; fileEncoding = 4; lastKnownFileType = sourcecode.c.objc; path = SinglePhotoView.m; sourceTree = "<group>"; };
		4CC19CA418CF4561003044F2 /* DetailsView.h */ = {isa = PBXFileReference; fileEncoding = 4; lastKnownFileType = sourcecode.c.h; path = DetailsView.h; sourceTree = "<group>"; };
		4CC19CA518CF4561003044F2 /* DetailsView.m */ = {isa = PBXFileReference; fileEncoding = 4; lastKnownFileType = sourcecode.c.objc; path = DetailsView.m; sourceTree = "<group>"; };
		4CC19CA918D05E1F003044F2 /* imagedata.plist */ = {isa = PBXFileReference; fileEncoding = 4; lastKnownFileType = text.plist.xml; name = imagedata.plist; path = ../imagedata.plist; sourceTree = "<group>"; };
		4CC19CAD18D06301003044F2 /* AddPostcard.h */ = {isa = PBXFileReference; fileEncoding = 4; lastKnownFileType = sourcecode.c.h; path = AddPostcard.h; sourceTree = "<group>"; };
		4CC19CAE18D06301003044F2 /* AddPostcard.m */ = {isa = PBXFileReference; fileEncoding = 4; lastKnownFileType = sourcecode.c.objc; path = AddPostcard.m; sourceTree = "<group>"; };
/* End PBXFileReference section */

/* Begin PBXFrameworksBuildPhase section */
		4CC19C6418CF42B9003044F2 /* Frameworks */ = {
			isa = PBXFrameworksBuildPhase;
			buildActionMask = 2147483647;
			files = (
				4CC19C6D18CF42B9003044F2 /* CoreGraphics.framework in Frameworks */,
				4CC19C6F18CF42B9003044F2 /* UIKit.framework in Frameworks */,
				4CC19C6B18CF42B9003044F2 /* Foundation.framework in Frameworks */,
			);
			runOnlyForDeploymentPostprocessing = 0;
		};
		4CC19C7F18CF42BB003044F2 /* Frameworks */ = {
			isa = PBXFrameworksBuildPhase;
			buildActionMask = 2147483647;
			files = (
				4CC19C8418CF42BB003044F2 /* XCTest.framework in Frameworks */,
				4CC19C8618CF42BB003044F2 /* UIKit.framework in Frameworks */,
				4CC19C8518CF42BB003044F2 /* Foundation.framework in Frameworks */,
			);
			runOnlyForDeploymentPostprocessing = 0;
		};
/* End PBXFrameworksBuildPhase section */

/* Begin PBXGroup section */
		4CC19C5E18CF42B9003044F2 = {
			isa = PBXGroup;
			children = (
				4CC19C7018CF42B9003044F2 /* cityLandscapes */,
				4CC19C8918CF42BB003044F2 /* cityLandscapesTests */,
				4CC19C6918CF42B9003044F2 /* Frameworks */,
				4CC19C6818CF42B9003044F2 /* Products */,
			);
			sourceTree = "<group>";
		};
		4CC19C6818CF42B9003044F2 /* Products */ = {
			isa = PBXGroup;
			children = (
				4CC19C6718CF42B9003044F2 /* cityLandscapes.app */,
				4CC19C8218CF42BB003044F2 /* cityLandscapesTests.xctest */,
			);
			name = Products;
			sourceTree = "<group>";
		};
		4CC19C6918CF42B9003044F2 /* Frameworks */ = {
			isa = PBXGroup;
			children = (
				4CC19C6A18CF42B9003044F2 /* Foundation.framework */,
				4CC19C6C18CF42B9003044F2 /* CoreGraphics.framework */,
				4CC19C6E18CF42B9003044F2 /* UIKit.framework */,
				4CC19C8318CF42BB003044F2 /* XCTest.framework */,
			);
			name = Frameworks;
			sourceTree = "<group>";
		};
		4CC19C7018CF42B9003044F2 /* cityLandscapes */ = {
			isa = PBXGroup;
			children = (
				4CC19C7918CF42BA003044F2 /* AppDelegate.h */,
				4CC19C7A18CF42BA003044F2 /* AppDelegate.m */,
				4CC19C9B18CF4444003044F2 /* appPhoto.h */,
				4CC19C9C18CF4444003044F2 /* appPhoto.m */,
				4CC19C9918CF42DF003044F2 /* Main.storyboard */,
				4CC19C9E18CF4524003044F2 /* PhotoTable.h */,
				4CC19C9F18CF4524003044F2 /* PhotoTable.m */,
				4CC19CAD18D06301003044F2 /* AddPostcard.h */,
				4CC19CAE18D06301003044F2 /* AddPostcard.m */,
				4CC19CA118CF4542003044F2 /* SinglePhotoView.h */,
				4CC19CA218CF4542003044F2 /* SinglePhotoView.m */,
				4CC19CA418CF4561003044F2 /* DetailsView.h */,
				4CC19CA518CF4561003044F2 /* DetailsView.m */,
				4CC19CA918D05E1F003044F2 /* imagedata.plist */,
				4CC19C7C18CF42BB003044F2 /* Images.xcassets */,
				4CC19C7118CF42B9003044F2 /* Supporting Files */,
			);
			path = cityLandscapes;
			sourceTree = "<group>";
		};
		4CC19C7118CF42B9003044F2 /* Supporting Files */ = {
			isa = PBXGroup;
			children = (
				4CC19C7218CF42B9003044F2 /* cityLandscapes-Info.plist */,
				4CC19C7318CF42B9003044F2 /* InfoPlist.strings */,
				4CC19C7618CF42BA003044F2 /* main.m */,
				4CC19C7818CF42BA003044F2 /* cityLandscapes-Prefix.pch */,
			);
			name = "Supporting Files";
			sourceTree = "<group>";
		};
		4CC19C8918CF42BB003044F2 /* cityLandscapesTests */ = {
			isa = PBXGroup;
			children = (
				4CC19C8F18CF42BB003044F2 /* cityLandscapesTests.m */,
				4CC19C8A18CF42BB003044F2 /* Supporting Files */,
			);
			path = cityLandscapesTests;
			sourceTree = "<group>";
		};
		4CC19C8A18CF42BB003044F2 /* Supporting Files */ = {
			isa = PBXGroup;
			children = (
				4CC19C8B18CF42BB003044F2 /* cityLandscapesTests-Info.plist */,
				4CC19C8C18CF42BB003044F2 /* InfoPlist.strings */,
			);
			name = "Supporting Files";
			sourceTree = "<group>";
		};
/* End PBXGroup section */

/* Begin PBXNativeTarget section */
		4CC19C6618CF42B9003044F2 /* cityLandscapes */ = {
			isa = PBXNativeTarget;
			buildConfigurationList = 4CC19C9318CF42BB003044F2 /* Build configuration list for PBXNativeTarget "cityLandscapes" */;
			buildPhases = (
				4CC19C6318CF42B9003044F2 /* Sources */,
				4CC19C6418CF42B9003044F2 /* Frameworks */,
				4CC19C6518CF42B9003044F2 /* Resources */,
			);
			buildRules = (
			);
			dependencies = (
			);
			name = cityLandscapes;
			productName = cityLandscapes;
			productReference = 4CC19C6718CF42B9003044F2 /* cityLandscapes.app */;
			productType = "com.apple.product-type.application";
		};
		4CC19C8118CF42BB003044F2 /* cityLandscapesTests */ = {
			isa = PBXNativeTarget;
			buildConfigurationList = 4CC19C9618CF42BB003044F2 /* Build configuration list for PBXNativeTarget "cityLandscapesTests" */;
			buildPhases = (
				4CC19C7E18CF42BB003044F2 /* Sources */,
				4CC19C7F18CF42BB003044F2 /* Frameworks */,
				4CC19C8018CF42BB003044F2 /* Resources */,
			);
			buildRules = (
			);
			dependencies = (
				4CC19C8818CF42BB003044F2 /* PBXTargetDependency */,
			);
			name = cityLandscapesTests;
			productName = cityLandscapesTests;
			productReference = 4CC19C8218CF42BB003044F2 /* cityLandscapesTests.xctest */;
			productType = "com.apple.product-type.bundle.unit-test";
		};
/* End PBXNativeTarget section */

/* Begin PBXProject section */
		4CC19C5F18CF42B9003044F2 /* Project object */ = {
			isa = PBXProject;
			attributes = {
				LastUpgradeCheck = 0500;
				ORGANIZATIONNAME = "Dan Mindru";
				TargetAttributes = {
					4CC19C8118CF42BB003044F2 = {
						TestTargetID = 4CC19C6618CF42B9003044F2;
					};
				};
			};
			buildConfigurationList = 4CC19C6218CF42B9003044F2 /* Build configuration list for PBXProject "cityLandscapes" */;
			compatibilityVersion = "Xcode 3.2";
			developmentRegion = English;
			hasScannedForEncodings = 0;
			knownRegions = (
				en,
			);
			mainGroup = 4CC19C5E18CF42B9003044F2;
			productRefGroup = 4CC19C6818CF42B9003044F2 /* Products */;
			projectDirPath = "";
			projectRoot = "";
			targets = (
				4CC19C6618CF42B9003044F2 /* cityLandscapes */,
				4CC19C8118CF42BB003044F2 /* cityLandscapesTests */,
			);
		};
/* End PBXProject section */

/* Begin PBXResourcesBuildPhase section */
		4CC19C6518CF42B9003044F2 /* Resources */ = {
			isa = PBXResourcesBuildPhase;
			buildActionMask = 2147483647;
			files = (
				4CC19C9A18CF42DF003044F2 /* Main.storyboard in Resources */,
				4CC19C7518CF42B9003044F2 /* InfoPlist.strings in Resources */,
				4CC19CAA18D05E1F003044F2 /* imagedata.plist in Resources */,
				4CC19C7D18CF42BB003044F2 /* Images.xcassets in Resources */,
			);
			runOnlyForDeploymentPostprocessing = 0;
		};
		4CC19C8018CF42BB003044F2 /* Resources */ = {
			isa = PBXResourcesBuildPhase;
			buildActionMask = 2147483647;
			files = (
				4CC19C8E18CF42BB003044F2 /* InfoPlist.strings in Resources */,
			);
			runOnlyForDeploymentPostprocessing = 0;
		};
/* End PBXResourcesBuildPhase section */

/* Begin PBXSourcesBuildPhase section */
		4CC19C6318CF42B9003044F2 /* Sources */ = {
			isa = PBXSourcesBuildPhase;
			buildActionMask = 2147483647;
			files = (
				4CC19C9D18CF4444003044F2 /* appPhoto.m in Sources */,
				4CC19CA018CF4524003044F2 /* PhotoTable.m in Sources */,
				4CC19CA318CF4542003044F2 /* SinglePhotoView.m in Sources */,
				4CC19C7B18CF42BA003044F2 /* AppDelegate.m in Sources */,
				4CC19C7718CF42BA003044F2 /* main.m in Sources */,
				4CC19CAF18D06301003044F2 /* AddPostcard.m in Sources */,
				4CC19CA618CF4561003044F2 /* DetailsView.m in Sources */,
			);
			runOnlyForDeploymentPostprocessing = 0;
		};
		4CC19C7E18CF42BB003044F2 /* Sources */ = {
			isa = PBXSourcesBuildPhase;
			buildActionMask = 2147483647;
			files = (
				4CC19C9018CF42BB003044F2 /* cityLandscapesTests.m in Sources */,
			);
			runOnlyForDeploymentPostprocessing = 0;
		};
/* End PBXSourcesBuildPhase section */

/* Begin PBXTargetDependency section */
		4CC19C8818CF42BB003044F2 /* PBXTargetDependency */ = {
			isa = PBXTargetDependency;
			target = 4CC19C6618CF42B9003044F2 /* cityLandscapes */;
			targetProxy = 4CC19C8718CF42BB003044F2 /* PBXContainerItemProxy */;
		};
/* End PBXTargetDependency section */

/* Begin PBXVariantGroup section */
		4CC19C7318CF42B9003044F2 /* InfoPlist.strings */ = {
			isa = PBXVariantGroup;
			children = (
				4CC19C7418CF42B9003044F2 /* en */,
			);
			name = InfoPlist.strings;
			sourceTree = "<group>";
		};
		4CC19C8C18CF42BB003044F2 /* InfoPlist.strings */ = {
			isa = PBXVariantGroup;
			children = (
				4CC19C8D18CF42BB003044F2 /* en */,
			);
			name = InfoPlist.strings;
			sourceTree = "<group>";
		};
/* End PBXVariantGroup section */

/* Begin XCBuildConfiguration section */
		4CC19C9118CF42BB003044F2 /* Debug */ = {
			isa = XCBuildConfiguration;
			buildSettings = {
				ALWAYS_SEARCH_USER_PATHS = NO;
				ARCHS = "$(ARCHS_STANDARD_INCLUDING_64_BIT)";
				CLANG_CXX_LANGUAGE_STANDARD = "gnu++0x";
				CLANG_CXX_LIBRARY = "libc++";
				CLANG_ENABLE_MODULES = YES;
				CLANG_ENABLE_OBJC_ARC = YES;
				CLANG_WARN_BOOL_CONVERSION = YES;
				CLANG_WARN_CONSTANT_CONVERSION = YES;
				CLANG_WARN_DIRECT_OBJC_ISA_USAGE = YES_ERROR;
				CLANG_WARN_EMPTY_BODY = YES;
				CLANG_WARN_ENUM_CONVERSION = YES;
				CLANG_WARN_INT_CONVERSION = YES;
				CLANG_WARN_OBJC_ROOT_CLASS = YES_ERROR;
				CLANG_WARN__DUPLICATE_METHOD_MATCH = YES;
				"CODE_SIGN_IDENTITY[sdk=iphoneos*]" = "iPhone Developer";
				COPY_PHASE_STRIP = NO;
				GCC_C_LANGUAGE_STANDARD = gnu99;
				GCC_DYNAMIC_NO_PIC = NO;
				GCC_OPTIMIZATION_LEVEL = 0;
				GCC_PREPROCESSOR_DEFINITIONS = (
					"DEBUG=1",
					"$(inherited)",
				);
				GCC_SYMBOLS_PRIVATE_EXTERN = NO;
				GCC_WARN_64_TO_32_BIT_CONVERSION = YES;
				GCC_WARN_ABOUT_RETURN_TYPE = YES_ERROR;
				GCC_WARN_UNDECLARED_SELECTOR = YES;
				GCC_WARN_UNINITIALIZED_AUTOS = YES;
				GCC_WARN_UNUSED_FUNCTION = YES;
				GCC_WARN_UNUSED_VARIABLE = YES;
				IPHONEOS_DEPLOYMENT_TARGET = 7.0;
				ONLY_ACTIVE_ARCH = YES;
				SDKROOT = iphoneos;
			};
			name = Debug;
		};
		4CC19C9218CF42BB003044F2 /* Release */ = {
			isa = XCBuildConfiguration;
			buildSettings = {
				ALWAYS_SEARCH_USER_PATHS = NO;
				ARCHS = "$(ARCHS_STANDARD_INCLUDING_64_BIT)";
				CLANG_CXX_LANGUAGE_STANDARD = "gnu++0x";
				CLANG_CXX_LIBRARY = "libc++";
				CLANG_ENABLE_MODULES = YES;
				CLANG_ENABLE_OBJC_ARC = YES;
				CLANG_WARN_BOOL_CONVERSION = YES;
				CLANG_WARN_CONSTANT_CONVERSION = YES;
				CLANG_WARN_DIRECT_OBJC_ISA_USAGE = YES_ERROR;
				CLANG_WARN_EMPTY_BODY = YES;
				CLANG_WARN_ENUM_CONVERSION = YES;
				CLANG_WARN_INT_CONVERSION = YES;
				CLANG_WARN_OBJC_ROOT_CLASS = YES_ERROR;
				CLANG_WARN__DUPLICATE_METHOD_MATCH = YES;
				"CODE_SIGN_IDENTITY[sdk=iphoneos*]" = "iPhone Developer";
				COPY_PHASE_STRIP = YES;
				ENABLE_NS_ASSERTIONS = NO;
				GCC_C_LANGUAGE_STANDARD = gnu99;
				GCC_WARN_64_TO_32_BIT_CONVERSION = YES;
				GCC_WARN_ABOUT_RETURN_TYPE = YES_ERROR;
				GCC_WARN_UNDECLARED_SELECTOR = YES;
				GCC_WARN_UNINITIALIZED_AUTOS = YES;
				GCC_WARN_UNUSED_FUNCTION = YES;
				GCC_WARN_UNUSED_VARIABLE = YES;
				IPHONEOS_DEPLOYMENT_TARGET = 7.0;
				SDKROOT = iphoneos;
				VALIDATE_PRODUCT = YES;
			};
			name = Release;
		};
		4CC19C9418CF42BB003044F2 /* Debug */ = {
			isa = XCBuildConfiguration;
			buildSettings = {
				ASSETCATALOG_COMPILER_APPICON_NAME = AppIcon;
				ASSETCATALOG_COMPILER_LAUNCHIMAGE_NAME = LaunchImage;
				GCC_PRECOMPILE_PREFIX_HEADER = YES;
				GCC_PREFIX_HEADER = "cityLandscapes/cityLandscapes-Prefix.pch";
				INFOPLIST_FILE = "cityLandscapes/cityLandscapes-Info.plist";
				PRODUCT_NAME = "$(TARGET_NAME)";
				WRAPPER_EXTENSION = app;
			};
			name = Debug;
		};
		4CC19C9518CF42BB003044F2 /* Release */ = {
			isa = XCBuildConfiguration;
			buildSettings = {
				ASSETCATALOG_COMPILER_APPICON_NAME = AppIcon;
				ASSETCATALOG_COMPILER_LAUNCHIMAGE_NAME = LaunchImage;
				GCC_PRECOMPILE_PREFIX_HEADER = YES;
				GCC_PREFIX_HEADER = "cityLandscapes/cityLandscapes-Prefix.pch";
				INFOPLIST_FILE = "cityLandscapes/cityLandscapes-Info.plist";
				PRODUCT_NAME = "$(TARGET_NAME)";
				WRAPPER_EXTENSION = app;
			};
			name = Release;
		};
		4CC19C9718CF42BB003044F2 /* Debug */ = {
			isa = XCBuildConfiguration;
			buildSettings = {
				ARCHS = "$(ARCHS_STANDARD_INCLUDING_64_BIT)";
				BUNDLE_LOADER = "$(BUILT_PRODUCTS_DIR)/cityLandscapes.app/cityLandscapes";
				FRAMEWORK_SEARCH_PATHS = (
					"$(SDKROOT)/Developer/Library/Frameworks",
					"$(inherited)",
					"$(DEVELOPER_FRAMEWORKS_DIR)",
				);
				GCC_PRECOMPILE_PREFIX_HEADER = YES;
				GCC_PREFIX_HEADER = "cityLandscapes/cityLandscapes-Prefix.pch";
				GCC_PREPROCESSOR_DEFINITIONS = (
					"DEBUG=1",
					"$(inherited)",
				);
				INFOPLIST_FILE = "cityLandscapesTests/cityLandscapesTests-Info.plist";
				PRODUCT_NAME = "$(TARGET_NAME)";
				TEST_HOST = "$(BUNDLE_LOADER)";
				WRAPPER_EXTENSION = xctest;
			};
			name = Debug;
		};
		4CC19C9818CF42BB003044F2 /* Release */ = {
			isa = XCBuildConfiguration;
			buildSettings = {
				ARCHS = "$(ARCHS_STANDARD_INCLUDING_64_BIT)";
				BUNDLE_LOADER = "$(BUILT_PRODUCTS_DIR)/cityLandscapes.app/cityLandscapes";
				FRAMEWORK_SEARCH_PATHS = (
					"$(SDKROOT)/Developer/Library/Frameworks",
					"$(inherited)",
					"$(DEVELOPER_FRAMEWORKS_DIR)",
				);
				GCC_PRECOMPILE_PREFIX_HEADER = YES;
				GCC_PREFIX_HEADER = "cityLandscapes/cityLandscapes-Prefix.pch";
				INFOPLIST_FILE = "cityLandscapesTests/cityLandscapesTests-Info.plist";
				PRODUCT_NAME = "$(TARGET_NAME)";
				TEST_HOST = "$(BUNDLE_LOADER)";
				WRAPPER_EXTENSION = xctest;
			};
			name = Release;
		};
/* End XCBuildConfiguration section */

/* Begin XCConfigurationList section */
		4CC19C6218CF42B9003044F2 /* Build configuration list for PBXProject "cityLandscapes" */ = {
			isa = XCConfigurationList;
			buildConfigurations = (
				4CC19C9118CF42BB003044F2 /* Debug */,
				4CC19C9218CF42BB003044F2 /* Release */,
			);
			defaultConfigurationIsVisible = 0;
			defaultConfigurationName = Release;
		};
		4CC19C9318CF42BB003044F2 /* Build configuration list for PBXNativeTarget "cityLandscapes" */ = {
			isa = XCConfigurationList;
			buildConfigurations = (
				4CC19C9418CF42BB003044F2 /* Debug */,
				4CC19C9518CF42BB003044F2 /* Release */,
			);
			defaultConfigurationIsVisible = 0;
		};
		4CC19C9618CF42BB003044F2 /* Build configuration list for PBXNativeTarget "cityLandscapesTests" */ = {
			isa = XCConfigurationList;
			buildConfigurations = (
				4CC19C9718CF42BB003044F2 /* Debug */,
				4CC19C9818CF42BB003044F2 /* Release */,
			);
			defaultConfigurationIsVisible = 0;
		};
/* End XCConfigurationList section */
	};
	rootObject = 4CC19C5F18CF42B9003044F2 /* Project object */;
}
